# This file was autogenerated by Stack.
# You should not edit this file by hand.
# For more information, please see the documentation at:
#   https://docs.haskellstack.org/en/stable/lock_files

packages: []
snapshots:
- completed:
    size: 619158
    url: https://raw.githubusercontent.com/commercialhaskell/stackage-snapshots/master/lts/19/12.yaml
    sha256: d4d7a4ac80485f3c21d0c6bfe5e7a21c3f71ca4fdfea022f98574047ebb58ebb
  original: lts-19.12
