# This file was autogenerated by Stack.
# You should not edit this file by hand.
# For more information, please see the documentation at:
#   https://docs.haskellstack.org/en/stable/lock_files

packages: []
snapshots:
- completed:
    sha256: 1fc72fa74175fa3937b04c648229d601074183539a6f3d5cd49e99561873d79f
    size: 640039
    url: https://raw.githubusercontent.com/commercialhaskell/stackage-snapshots/master/lts/21/10.yaml
  original: lts-21.10
